
Microsoft Visual Studio Solution File, Format Version 12.00
# Visual Studio Version 17
VisualStudioVersion = 17.10.35027.167
MinimumVisualStudioVersion = 10.0.40219.1
Project("{9A19103F-16F7-4668-BE54-9A1E7A4F7556}") = "TMS1.Model", "TMS1.Model\TMS1.Model.csproj", "{F136AE61-F252-44EA-B69F-7FDE75E1B2A6}"
EndProject
Project("{9A19103F-16F7-4668-BE54-9A1E7A4F7556}") = "TMS1.DataAccess", "TMS1.DataAccess\TMS1.DataAccess.csproj", "{29D86760-980D-4AAF-9C81-5CD6B2C5A90C}"
EndProject
Project("{9A19103F-16F7-4668-BE54-9A1E7A4F7556}") = "TMS1.Business", "TMS1.Business\TMS1.Business.csproj", "{1F83849D-7099-48D0-A3A0-4FC191290DBA}"
EndProject
Project("{9A19103F-16F7-4668-BE54-9A1E7A4F7556}") = "TMS1.API", "TMS1.API\TMS1.API.csproj", "{2637BF38-CC7C-4530-85A6-6A7EFE526369}"
EndProject
Project("{FAE04EC0-301F-11D3-BF4B-00C04F79EFBC}") = "TMS1.UI", "TMS1.UI\TMS1.UI.csproj", "{DFF6B670-AF14-45AB-8EC9-17A48ACB0DAF}"
EndProject
Global
	GlobalSection(SolutionConfigurationPlatforms) = preSolution
		Debug|Any CPU = Debug|Any CPU
		Release|Any CPU = Release|Any CPU
	EndGlobalSection
	GlobalSection(ProjectConfigurationPlatforms) = postSolution
		{F136AE61-F252-44EA-B69F-7FDE75E1B2A6}.Debug|Any CPU.ActiveCfg = Debug|Any CPU
		{F136AE61-F252-44EA-B69F-7FDE75E1B2A6}.Debug|Any CPU.Build.0 = Debug|Any CPU
		{F136AE61-F252-44EA-B69F-7FDE75E1B2A6}.Release|Any CPU.ActiveCfg = Release|Any CPU
		{F136AE61-F252-44EA-B69F-7FDE75E1B2A6}.Release|Any CPU.Build.0 = Release|Any CPU
		{29D86760-980D-4AAF-9C81-5CD6B2C5A90C}.Debug|Any CPU.ActiveCfg = Debug|Any CPU
		{29D86760-980D-4AAF-9C81-5CD6B2C5A90C}.Debug|Any CPU.Build.0 = Debug|Any CPU
		{29D86760-980D-4AAF-9C81-5CD6B2C5A90C}.Release|Any CPU.ActiveCfg = Release|Any CPU
		{29D86760-980D-4AAF-9C81-5CD6B2C5A90C}.Release|Any CPU.Build.0 = Release|Any CPU
		{1F83849D-7099-48D0-A3A0-4FC191290DBA}.Debug|Any CPU.ActiveCfg = Debug|Any CPU
		{1F83849D-7099-48D0-A3A0-4FC191290DBA}.Debug|Any CPU.Build.0 = Debug|Any CPU
		{1F83849D-7099-48D0-A3A0-4FC191290DBA}.Release|Any CPU.ActiveCfg = Release|Any CPU
		{1F83849D-7099-48D0-A3A0-4FC191290DBA}.Release|Any CPU.Build.0 = Release|Any CPU
		{2637BF38-CC7C-4530-85A6-6A7EFE526369}.Debug|Any CPU.ActiveCfg = Debug|Any CPU
		{2637BF38-CC7C-4530-85A6-6A7EFE526369}.Debug|Any CPU.Build.0 = Debug|Any CPU
		{2637BF38-CC7C-4530-85A6-6A7EFE526369}.Release|Any CPU.ActiveCfg = Release|Any CPU
		{2637BF38-CC7C-4530-85A6-6A7EFE526369}.Release|Any CPU.Build.0 = Release|Any CPU
		{DFF6B670-AF14-45AB-8EC9-17A48ACB0DAF}.Debug|Any CPU.ActiveCfg = Debug|Any CPU
		{DFF6B670-AF14-45AB-8EC9-17A48ACB0DAF}.Debug|Any CPU.Build.0 = Debug|Any CPU
		{DFF6B670-AF14-45AB-8EC9-17A48ACB0DAF}.Release|Any CPU.ActiveCfg = Release|Any CPU
		{DFF6B670-AF14-45AB-8EC9-17A48ACB0DAF}.Release|Any CPU.Build.0 = Release|Any CPU
	EndGlobalSection
	GlobalSection(SolutionProperties) = preSolution
		HideSolutionNode = FALSE
	EndGlobalSection
	GlobalSection(ExtensibilityGlobals) = postSolution
		SolutionGuid = {B89CBDF8-5551-4389-80C1-77578B6D1D54}
	EndGlobalSection
EndGlobal
